{
  "lockfileVersion": 2,
  "configVersion": 1,
  "workspaces": {
    "": {
      "dependencies": {
        "@vly-ai/integrations": "^0.6.14",
      },
    },
  },
  "packages": {
    "@ai-sdk/gateway": ["@ai-sdk/gateway@2.0.159", "", { "dependencies": { "@ai-sdk/provider": "2.0.5", "@ai-sdk/provider-utils": "3.0.39", "@vercel/oidc": "3.1.0" }, "peerDependencies": { "zod": "^3.25.76 || ^4.1.8" } }, "sha512-gpdA2a4CRkGL8unNv+jcyunUwrAnO2nfs85rh67hhSNtlQRwCIaNlqD65VlbzSja+ziBcqE2qEsztp8LOi9YKg=="],

    "@ai-sdk/openai-compatible": ["@ai-sdk/openai-compatible@1.0.56", "", { "dependencies": { "@ai-sdk/provider": "2.0.5", "@ai-sdk/provider-utils": "3.0.39" }, "peerDependencies": { "zod": "^3.25.76 || ^4.1.8" } }, "sha512-S84f0SC506XBLEKnMq/Ldinm240z6hOHbl+vHqkdNQ965JqJLWV5D+WBWQ1EriDkbvfoXeJpzckc9ktSOt6nqQ=="],

    "@ai-sdk/provider": ["@ai-sdk/provider@2.0.5", "", { "dependencies": { "json-schema": "^0.4.0" } }, "sha512-cmG40u10QFEUrYXWYom6Lo6DLR+pND3wWABTTT9Nf7zg9F7BD46KNj+STekndp9Kg5ZAIPA0WxmTI0IwRvKvvQ=="],

    "@ai-sdk/provider-utils": ["@ai-sdk/provider-utils@3.0.39", "", { "dependencies": { "@ai-sdk/provider": "2.0.5", "@standard-schema/spec": "^1.0.0", "eventsource-parser": "^3.0.6", "undici": "^5.29.0" }, "peerDependencies": { "zod": "^3.25.76 || ^4.1.8" } }, "sha512-Cb1GE1UKcZxouWhV7weIQoJTgyz4WMswQfapPClN4QQP1pO01ZNSbG9EVN5C0gCsikA8vM0wrJZIT7HiZmH3wA=="],

    "@fastify/busboy": ["@fastify/busboy@2.1.1", "", {}, "sha512-vBZP4NlzfOlerQTnba4aqZoMhE/a9HY7HRqoOPaETQcSQuWEIyZMHGfVu6w9wGtGK5fED5qRs2DteVCjOH60sA=="],

    "@opentelemetry/api": ["@opentelemetry/api@1.9.0", "", {}, "sha512-3giAOQvZiH5F9bMlMiv8+GSPMeqg0dbaeo58/0SlA9sxSqZhnUtxzX9/2FzyhS9sWQf5S0GJE0AKBrFqjpeYcg=="],

    "@standard-schema/spec": ["@standard-schema/spec@1.1.0", "", {}, "sha512-l2aFy5jALhniG5HgqrD6jXLi/rUWrKvqN/qJx6yoJsgKhblVd+iqqU4RCXavm/jPityDo5TCvKMnpjKnOriy0w=="],

    "@vercel/oidc": ["@vercel/oidc@3.1.0", "", {}, "sha512-Fw28YZpRnA3cAHHDlkt7xQHiJ0fcL+NRcIqsocZQUSmbzeIKRpwttJjik5ZGanXP+vlA4SbTg+AbA3bP363l+w=="],

    "@vly-ai/integrations": ["@vly-ai/integrations@0.6.14", "", { "dependencies": { "@ai-sdk/openai-compatible": "^1.0.0", "ai": "^5.0.0", "html2canvas": "^1.4.1", "zod": "^3.22.4" } }, "sha512-w1GpVmrEH8hJ5D5wy3dTPKgB5PVGn63QwLTSKkd5czleqiO6sKgKykO5OgbOJ5rEmwc0h+zsgCXkRzP64yCcdQ=="],

    "ai": ["ai@5.0.267", "", { "dependencies": { "@ai-sdk/gateway": "2.0.159", "@ai-sdk/provider": "2.0.5", "@ai-sdk/provider-utils": "3.0.39", "@opentelemetry/api": "1.9.0" }, "peerDependencies": { "zod": "^3.25.76 || ^4.1.8" } }, "sha512-9oIQgz0v4elRrZ1mZJK83OJTH6SwV1aZD2nRUk6tgZ+DAnPDdLnaTtsKrbNB04Sb1aiEWUzkSaqfr/a9FDxBLg=="],

    "base64-arraybuffer": ["base64-arraybuffer@1.0.2", "", {}, "sha512-I3yl4r9QB5ZRY3XuJVEPfc2XhZO6YweFPI+UovAzn+8/hb3oJ6lnysaFcjVpkCPfVWFUDvoZ8kmVDP7WyRtYtQ=="],

    "css-line-break": ["css-line-break@2.1.0", "", { "dependencies": { "utrie": "^1.0.2" } }, "sha512-FHcKFCZcAha3LwfVBhCQbW2nCNbkZXn7KVUJcsT5/P8YmfsVja0FMPJr0B903j/E69HUphKiV9iQArX8SDYA4w=="],

    "eventsource-parser": ["eventsource-parser@3.1.1", "", {}, "sha512-EKN1vKAMcZ8MlYMpaNuxN6R9yakzH6uajHcHVTqWJzvu5pWw9DyhbP35HH8MVBQ+dZjAfDxk+A8NiR9KWaXiyQ=="],

    "html2canvas": ["html2canvas@1.4.1", "", { "dependencies": { "css-line-break": "^2.1.0", "text-segmentation": "^1.0.3" } }, "sha512-fPU6BHNpsyIhr8yyMpTLLxAbkaK8ArIBcmZIRiBLiDhjeqvXolaEmDGmELFuX9I4xDcaKKcJl+TKZLqruBbmWA=="],

    "json-schema": ["json-schema@0.4.0", "", {}, "sha512-es94M3nTIfsEPisRafak+HDLfHXnKBhV3vU5eqPcS3flIWqcxJWgXHXiey3YrpaNsanY5ei1VoYEbOzijuq9BA=="],

    "text-segmentation": ["text-segmentation@1.0.3", "", { "dependencies": { "utrie": "^1.0.2" } }, "sha512-iOiPUo/BGnZ6+54OsWxZidGCsdU8YbE4PSpdPinp7DeMtUJNJBoJ/ouUSTJjHkh1KntHaltHl/gDs2FC4i5+Nw=="],

    "undici": ["undici@5.29.0", "", { "dependencies": { "@fastify/busboy": "^2.0.0" } }, "sha512-raqeBD6NQK4SkWhQzeYKd1KmIG6dllBOTt55Rmkt4HtI9mwdWtJljnrXjAFUBLTSN67HWrOIZ3EPF4kjUw80Bg=="],

    "utrie": ["utrie@1.0.2", "", { "dependencies": { "base64-arraybuffer": "^1.0.2" } }, "sha512-1MLa5ouZiOmQzUbjbu9VmjLzn1QLXBhwpUa7kdLUQK+KQ5KA9I1vk5U4YHe/X2Ch7PYnJfWuWT+VbuxbGwljhw=="],

    "zod": ["zod@3.25.76", "", {}, "sha512-gzUt/qt81nXsFGKIFcC3YnfEAx5NkunCfnDlvuBSSFS02bcXu4Lmea0AFIUwbLWxWPx3d9p8S5QoaujKcNQxcQ=="],
  }
}
